
Microsoft Visual Studio Solution File, Format Version 12.00
# Visual Studio 15
VisualStudioVersion = 15.0.28307.421
MinimumVisualStudioVersion = 10.0.40219.1
Project("{FAE04EC0-301F-11D3-BF4B-00C04F79EFBC}") = "ExampleMediaCaptureUWP", "ExampleMediaCaptureUWP\ExampleMediaCaptureUWP.csproj", "{FC9E9589-DAC4-4EC7-A5E3-1549CA13EB6C}"
EndProject
Project("{FAE04EC0-301F-11D3-BF4B-00C04F79EFBC}") = "ExampleMediaCapture", "ExampleMediaCapture\ExampleMediaCapture.csproj", "{9BDBF6DC-2700-4AC4-ABF4-00C807F49910}"
EndProject
Global
	GlobalSection(SolutionConfigurationPlatforms) = preSolution
		Debug|Any CPU = Debug|Any CPU
		Debug|ARM = Debug|ARM
		Debug|ARM64 = Debug|ARM64
		Debug|x64 = Debug|x64
		Debug|x86 = Debug|x86
		Release|Any CPU = Release|Any CPU
		Release|ARM = Release|ARM
		Release|ARM64 = Release|ARM64
		Release|x64 = Release|x64
		Release|x86 = Release|x86
	EndGlobalSection
	GlobalSection(ProjectConfigurationPlatforms) = postSolution
		{FC9E9589-DAC4-4EC7-A5E3-1549CA13EB6C}.Debug|Any CPU.ActiveCfg = Debug|x86
		{FC9E9589-DAC4-4EC7-A5E3-1549CA13EB6C}.Debug|ARM.ActiveCfg = Debug|ARM
		{FC9E9589-DAC4-4EC7-A5E3-1549CA13EB6C}.Debug|ARM.Build.0 = Debug|ARM
		{FC9E9589-DAC4-4EC7-A5E3-1549CA13EB6C}.Debug|ARM.Deploy.0 = Debug|ARM
		{FC9E9589-DAC4-4EC7-A5E3-1549CA13EB6C}.Debug|ARM64.ActiveCfg = Debug|ARM64
		{FC9E9589-DAC4-4EC7-A5E3-1549CA13EB6C}.Debug|ARM64.Build.0 = Debug|ARM64
		{FC9E9589-DAC4-4EC7-A5E3-1549CA13EB6C}.Debug|ARM64.Deploy.0 = Debug|ARM64
		{FC9E9589-DAC4-4EC7-A5E3-1549CA13EB6C}.Debug|x64.ActiveCfg = Debug|x64
		{FC9E9589-DAC4-4EC7-A5E3-1549CA13EB6C}.Debug|x64.Build.0 = Debug|x64
		{FC9E9589-DAC4-4EC7-A5E3-1549CA13EB6C}.Debug|x64.Deploy.0 = Debug|x64
		{FC9E9589-DAC4-4EC7-A5E3-1549CA13EB6C}.Debug|x86.ActiveCfg = Debug|x86
		{FC9E9589-DAC4-4EC7-A5E3-1549CA13EB6C}.Debug|x86.Build.0 = Debug|x86
		{FC9E9589-DAC4-4EC7-A5E3-1549CA13EB6C}.Debug|x86.Deploy.0 = Debug|x86
		{FC9E9589-DAC4-4EC7-A5E3-1549CA13EB6C}.Release|Any CPU.ActiveCfg = Release|x86
		{FC9E9589-DAC4-4EC7-A5E3-1549CA13EB6C}.Release|ARM.ActiveCfg = Release|ARM
		{FC9E9589-DAC4-4EC7-A5E3-1549CA13EB6C}.Release|ARM.Build.0 = Release|ARM
		{FC9E9589-DAC4-4EC7-A5E3-1549CA13EB6C}.Release|ARM.Deploy.0 = Release|ARM
		{FC9E9589-DAC4-4EC7-A5E3-1549CA13EB6C}.Release|ARM64.ActiveCfg = Release|ARM64
		{FC9E9589-DAC4-4EC7-A5E3-1549CA13EB6C}.Release|ARM64.Build.0 = Release|ARM64
		{FC9E9589-DAC4-4EC7-A5E3-1549CA13EB6C}.Release|ARM64.Deploy.0 = Release|ARM64
		{FC9E9589-DAC4-4EC7-A5E3-1549CA13EB6C}.Release|x64.ActiveCfg = Release|x64
		{FC9E9589-DAC4-4EC7-A5E3-1549CA13EB6C}.Release|x64.Build.0 = Release|x64
		{FC9E9589-DAC4-4EC7-A5E3-1549CA13EB6C}.Release|x64.Deploy.0 = Release|x64
		{FC9E9589-DAC4-4EC7-A5E3-1549CA13EB6C}.Release|x86.ActiveCfg = Release|x86
		{FC9E9589-DAC4-4EC7-A5E3-1549CA13EB6C}.Release|x86.Build.0 = Release|x86
		{FC9E9589-DAC4-4EC7-A5E3-1549CA13EB6C}.Release|x86.Deploy.0 = Release|x86
		{9BDBF6DC-2700-4AC4-ABF4-00C807F49910}.Debug|Any CPU.ActiveCfg = Debug|Any CPU
		{9BDBF6DC-2700-4AC4-ABF4-00C807F49910}.Debug|Any CPU.Build.0 = Debug|Any CPU
		{9BDBF6DC-2700-4AC4-ABF4-00C807F49910}.Debug|ARM.ActiveCfg = Debug|ARM
		{9BDBF6DC-2700-4AC4-ABF4-00C807F49910}.Debug|ARM.Build.0 = Debug|ARM
		{9BDBF6DC-2700-4AC4-ABF4-00C807F49910}.Debug|ARM64.ActiveCfg = Debug|ARM64
		{9BDBF6DC-2700-4AC4-ABF4-00C807F49910}.Debug|ARM64.Build.0 = Debug|ARM64
		{9BDBF6DC-2700-4AC4-ABF4-00C807F49910}.Debug|x64.ActiveCfg = Debug|x64
		{9BDBF6DC-2700-4AC4-ABF4-00C807F49910}.Debug|x64.Build.0 = Debug|x64
		{9BDBF6DC-2700-4AC4-ABF4-00C807F49910}.Debug|x86.ActiveCfg = Debug|x86
		{9BDBF6DC-2700-4AC4-ABF4-00C807F49910}.Debug|x86.Build.0 = Debug|x86
		{9BDBF6DC-2700-4AC4-ABF4-00C807F49910}.Release|Any CPU.ActiveCfg = Release|Any CPU
		{9BDBF6DC-2700-4AC4-ABF4-00C807F49910}.Release|Any CPU.Build.0 = Release|Any CPU
		{9BDBF6DC-2700-4AC4-ABF4-00C807F49910}.Release|ARM.ActiveCfg = Release|ARM
		{9BDBF6DC-2700-4AC4-ABF4-00C807F49910}.Release|ARM.Build.0 = Release|ARM
		{9BDBF6DC-2700-4AC4-ABF4-00C807F49910}.Release|ARM64.ActiveCfg = Release|ARM64
		{9BDBF6DC-2700-4AC4-ABF4-00C807F49910}.Release|ARM64.Build.0 = Release|ARM64
		{9BDBF6DC-2700-4AC4-ABF4-00C807F49910}.Release|x64.ActiveCfg = Release|x64
		{9BDBF6DC-2700-4AC4-ABF4-00C807F49910}.Release|x64.Build.0 = Release|x64
		{9BDBF6DC-2700-4AC4-ABF4-00C807F49910}.Release|x86.ActiveCfg = Release|x86
		{9BDBF6DC-2700-4AC4-ABF4-00C807F49910}.Release|x86.Build.0 = Release|x86
	EndGlobalSection
	GlobalSection(SolutionProperties) = preSolution
		HideSolutionNode = FALSE
	EndGlobalSection
	GlobalSection(ExtensibilityGlobals) = postSolution
		SolutionGuid = {D4167D6F-0B87-41FB-8AFC-1528CA99D073}
	EndGlobalSection
EndGlobal
